{
  "pins" : [
    {
      "identity" : "resultconvertible",
      "kind" : "remoteSourceControl",
      "location" : "https://github.com/cuzv/ResultConvertible",
      "state" : {
        "branch" : "master",
        "revision" : "fc9361d8100f2eb0ae220cd983a8da67c01f4e56"
      }
    },
    {
      "identity" : "rxswift",
      "kind" : "remoteSourceControl",
      "location" : "https://github.com/ReactiveX/RxSwift.git",
      "state" : {
        "revision" : "9dcaa4b333db437b0fbfaf453fad29069044a8b4",
        "version" : "6.6.0"
      }
    }
  ],
  "version" : 2
}
