{
  "object": {
    "pins": [
      {
        "package": "ResultConvertible",
        "repositoryURL": "https://github.com/cuzv/ResultConvertible",
        "state": {
          "branch": "master",
          "revision": "fc9361d8100f2eb0ae220cd983a8da67c01f4e56",
          "version": null
        }
      },
      {
        "package": "RxSwift",
        "repositoryURL": "https://github.com/ReactiveX/RxSwift.git",
        "state": {
          "branch": null,
          "revision": "b3e888b4972d9bc76495dd74d30a8c7fad4b9395",
          "version": "5.0.1"
        }
      }
    ]
  },
  "version": 1
}
