// !$*UTF8*$!
{
	archiveVersion = 1;
	classes = {
	};
	objectVersion = 51;
	objects = {

/* Begin PBXBuildFile section */
		1FBE76CFD24CDDF70DA725F0 /* Pods_Traits.framework in Frameworks */ = {isa = PBXBuildFile; fileRef = CFF73A69432663CF227AF43B /* Pods_Traits.framework */; };
		F96219FD22D1A235005101BC /* AppDelegate.swift in Sources */ = {isa = PBXBuildFile; fileRef = F96219FC22D1A235005101BC /* AppDelegate.swift */; };
		F96219FF22D1A235005101BC /* ViewController.swift in Sources */ = {isa = PBXBuildFile; fileRef = F96219FE22D1A235005101BC /* ViewController.swift */; };
		F9621A0222D1A235005101BC /* Main.storyboard in Resources */ = {isa = PBXBuildFile; fileRef = F9621A0022D1A235005101BC /* Main.storyboard */; };
		F9621A0422D1A237005101BC /* Assets.xcassets in Resources */ = {isa = PBXBuildFile; fileRef = F9621A0322D1A237005101BC /* Assets.xcassets */; };
		F9621A0722D1A237005101BC /* LaunchScreen.storyboard in Resources */ = {isa = PBXBuildFile; fileRef = F9621A0522D1A237005101BC /* LaunchScreen.storyboard */; };
		F9621A2022D1A292005101BC /* JSONMayInitializable.swift in Sources */ = {isa = PBXBuildFile; fileRef = F9621A1022D1A292005101BC /* JSONMayInitializable.swift */; };
		F9621A2122D1A292005101BC /* JSONInitializable.swift in Sources */ = {isa = PBXBuildFile; fileRef = F9621A1122D1A292005101BC /* JSONInitializable.swift */; };
		F9621A2222D1A292005101BC /* README.md in Resources */ = {isa = PBXBuildFile; fileRef = F9621A1222D1A292005101BC /* README.md */; };
		F9621A2322D1A292005101BC /* AnimatableSectionedViewModel.swift in Sources */ = {isa = PBXBuildFile; fileRef = F9621A1422D1A292005101BC /* AnimatableSectionedViewModel.swift */; };
		F9621A2422D1A292005101BC /* SectionedViewModel.swift in Sources */ = {isa = PBXBuildFile; fileRef = F9621A1522D1A292005101BC /* SectionedViewModel.swift */; };
		F9621A2522D1A292005101BC /* UIView+Reactive.swift in Sources */ = {isa = PBXBuildFile; fileRef = F9621A1722D1A292005101BC /* UIView+Reactive.swift */; };
		F9621A2622D1A292005101BC /* Lifetime.swift in Sources */ = {isa = PBXBuildFile; fileRef = F9621A1822D1A292005101BC /* Lifetime.swift */; };
		F9621A2722D1A292005101BC /* ActivityIndicator.swift in Sources */ = {isa = PBXBuildFile; fileRef = F9621A1922D1A292005101BC /* ActivityIndicator.swift */; };
		F9621A2822D1A292005101BC /* Operator+Reactive.swift in Sources */ = {isa = PBXBuildFile; fileRef = F9621A1A22D1A292005101BC /* Operator+Reactive.swift */; };
		F9621A2922D1A292005101BC /* Binder+Reactive.swift in Sources */ = {isa = PBXBuildFile; fileRef = F9621A1B22D1A292005101BC /* Binder+Reactive.swift */; };
		F9621A2A22D1A292005101BC /* Schedluer+Reactive.swift in Sources */ = {isa = PBXBuildFile; fileRef = F9621A1C22D1A292005101BC /* Schedluer+Reactive.swift */; };
		F9621A2B22D1A292005101BC /* UnidirectionalBinding+Reactive.swift in Sources */ = {isa = PBXBuildFile; fileRef = F9621A1D22D1A292005101BC /* UnidirectionalBinding+Reactive.swift */; };
		F9621A2C22D1A292005101BC /* Binding+Reactive.swift in Sources */ = {isa = PBXBuildFile; fileRef = F9621A1E22D1A292005101BC /* Binding+Reactive.swift */; };
		F9621A2D22D1A292005101BC /* UICollectionView+Reactive.swift in Sources */ = {isa = PBXBuildFile; fileRef = F9621A1F22D1A292005101BC /* UICollectionView+Reactive.swift */; };
/* End PBXBuildFile section */

/* Begin PBXFileReference section */
		7DABFA390ED78B61CA0CBF83 /* Pods-Traits.release.xcconfig */ = {isa = PBXFileReference; includeInIndex = 1; lastKnownFileType = text.xcconfig; name = "Pods-Traits.release.xcconfig"; path = "Target Support Files/Pods-Traits/Pods-Traits.release.xcconfig"; sourceTree = "<group>"; };
		8EB6D8A33A83F0104CCB3A3C /* Pods-Traits.debug.xcconfig */ = {isa = PBXFileReference; includeInIndex = 1; lastKnownFileType = text.xcconfig; name = "Pods-Traits.debug.xcconfig"; path = "Target Support Files/Pods-Traits/Pods-Traits.debug.xcconfig"; sourceTree = "<group>"; };
		CFF73A69432663CF227AF43B /* Pods_Traits.framework */ = {isa = PBXFileReference; explicitFileType = wrapper.framework; includeInIndex = 0; path = Pods_Traits.framework; sourceTree = BUILT_PRODUCTS_DIR; };
		F96219F922D1A235005101BC /* Traits.app */ = {isa = PBXFileReference; explicitFileType = wrapper.application; includeInIndex = 0; path = Traits.app; sourceTree = BUILT_PRODUCTS_DIR; };
		F96219FC22D1A235005101BC /* AppDelegate.swift */ = {isa = PBXFileReference; lastKnownFileType = sourcecode.swift; path = AppDelegate.swift; sourceTree = "<group>"; };
		F96219FE22D1A235005101BC /* ViewController.swift */ = {isa = PBXFileReference; lastKnownFileType = sourcecode.swift; path = ViewController.swift; sourceTree = "<group>"; };
		F9621A0122D1A235005101BC /* Base */ = {isa = PBXFileReference; lastKnownFileType = file.storyboard; name = Base; path = Base.lproj/Main.storyboard; sourceTree = "<group>"; };
		F9621A0322D1A237005101BC /* Assets.xcassets */ = {isa = PBXFileReference; lastKnownFileType = folder.assetcatalog; path = Assets.xcassets; sourceTree = "<group>"; };
		F9621A0622D1A237005101BC /* Base */ = {isa = PBXFileReference; lastKnownFileType = file.storyboard; name = Base; path = Base.lproj/LaunchScreen.storyboard; sourceTree = "<group>"; };
		F9621A0822D1A237005101BC /* Info.plist */ = {isa = PBXFileReference; lastKnownFileType = text.plist.xml; path = Info.plist; sourceTree = "<group>"; };
		F9621A1022D1A292005101BC /* JSONMayInitializable.swift */ = {isa = PBXFileReference; fileEncoding = 4; lastKnownFileType = sourcecode.swift; path = JSONMayInitializable.swift; sourceTree = "<group>"; };
		F9621A1122D1A292005101BC /* JSONInitializable.swift */ = {isa = PBXFileReference; fileEncoding = 4; lastKnownFileType = sourcecode.swift; path = JSONInitializable.swift; sourceTree = "<group>"; };
		F9621A1222D1A292005101BC /* README.md */ = {isa = PBXFileReference; fileEncoding = 4; lastKnownFileType = net.daringfireball.markdown; path = README.md; sourceTree = "<group>"; };
		F9621A1422D1A292005101BC /* AnimatableSectionedViewModel.swift */ = {isa = PBXFileReference; fileEncoding = 4; lastKnownFileType = sourcecode.swift; path = AnimatableSectionedViewModel.swift; sourceTree = "<group>"; };
		F9621A1522D1A292005101BC /* SectionedViewModel.swift */ = {isa = PBXFileReference; fileEncoding = 4; lastKnownFileType = sourcecode.swift; path = SectionedViewModel.swift; sourceTree = "<group>"; };
		F9621A1722D1A292005101BC /* UIView+Reactive.swift */ = {isa = PBXFileReference; fileEncoding = 4; lastKnownFileType = sourcecode.swift; path = "UIView+Reactive.swift"; sourceTree = "<group>"; };
		F9621A1822D1A292005101BC /* Lifetime.swift */ = {isa = PBXFileReference; fileEncoding = 4; lastKnownFileType = sourcecode.swift; path = Lifetime.swift; sourceTree = "<group>"; };
		F9621A1922D1A292005101BC /* ActivityIndicator.swift */ = {isa = PBXFileReference; fileEncoding = 4; lastKnownFileType = sourcecode.swift; path = ActivityIndicator.swift; sourceTree = "<group>"; };
		F9621A1A22D1A292005101BC /* Operator+Reactive.swift */ = {isa = PBXFileReference; fileEncoding = 4; lastKnownFileType = sourcecode.swift; path = "Operator+Reactive.swift"; sourceTree = "<group>"; };
		F9621A1B22D1A292005101BC /* Binder+Reactive.swift */ = {isa = PBXFileReference; fileEncoding = 4; lastKnownFileType = sourcecode.swift; path = "Binder+Reactive.swift"; sourceTree = "<group>"; };
		F9621A1C22D1A292005101BC /* Schedluer+Reactive.swift */ = {isa = PBXFileReference; fileEncoding = 4; lastKnownFileType = sourcecode.swift; path = "Schedluer+Reactive.swift"; sourceTree = "<group>"; };
		F9621A1D22D1A292005101BC /* UnidirectionalBinding+Reactive.swift */ = {isa = PBXFileReference; fileEncoding = 4; lastKnownFileType = sourcecode.swift; path = "UnidirectionalBinding+Reactive.swift"; sourceTree = "<group>"; };
		F9621A1E22D1A292005101BC /* Binding+Reactive.swift */ = {isa = PBXFileReference; fileEncoding = 4; lastKnownFileType = sourcecode.swift; path = "Binding+Reactive.swift"; sourceTree = "<group>"; };
		F9621A1F22D1A292005101BC /* UICollectionView+Reactive.swift */ = {isa = PBXFileReference; fileEncoding = 4; lastKnownFileType = sourcecode.swift; path = "UICollectionView+Reactive.swift"; sourceTree = "<group>"; };
/* End PBXFileReference section */

/* Begin PBXFrameworksBuildPhase section */
		F96219F622D1A235005101BC /* Frameworks */ = {
			isa = PBXFrameworksBuildPhase;
			buildActionMask = 2147483647;
			files = (
				1FBE76CFD24CDDF70DA725F0 /* Pods_Traits.framework in Frameworks */,
			);
			runOnlyForDeploymentPostprocessing = 0;
		};
/* End PBXFrameworksBuildPhase section */

/* Begin PBXGroup section */
		0603683E03022B6475230FF0 /* Frameworks */ = {
			isa = PBXGroup;
			children = (
				CFF73A69432663CF227AF43B /* Pods_Traits.framework */,
			);
			name = Frameworks;
			sourceTree = "<group>";
		};
		3BCB80DDD88DC7F70705AD6C /* Pods */ = {
			isa = PBXGroup;
			children = (
				8EB6D8A33A83F0104CCB3A3C /* Pods-Traits.debug.xcconfig */,
				7DABFA390ED78B61CA0CBF83 /* Pods-Traits.release.xcconfig */,
			);
			path = Pods;
			sourceTree = "<group>";
		};
		F96219F022D1A235005101BC = {
			isa = PBXGroup;
			children = (
				F9621A0E22D1A292005101BC /* Sources */,
				F96219FB22D1A235005101BC /* Traits */,
				F96219FA22D1A235005101BC /* Products */,
				3BCB80DDD88DC7F70705AD6C /* Pods */,
				0603683E03022B6475230FF0 /* Frameworks */,
			);
			sourceTree = "<group>";
		};
		F96219FA22D1A235005101BC /* Products */ = {
			isa = PBXGroup;
			children = (
				F96219F922D1A235005101BC /* Traits.app */,
			);
			name = Products;
			sourceTree = "<group>";
		};
		F96219FB22D1A235005101BC /* Traits */ = {
			isa = PBXGroup;
			children = (
				F96219FC22D1A235005101BC /* AppDelegate.swift */,
				F96219FE22D1A235005101BC /* ViewController.swift */,
				F9621A0022D1A235005101BC /* Main.storyboard */,
				F9621A0322D1A237005101BC /* Assets.xcassets */,
				F9621A0522D1A237005101BC /* LaunchScreen.storyboard */,
				F9621A0822D1A237005101BC /* Info.plist */,
			);
			path = Traits;
			sourceTree = "<group>";
		};
		F9621A0E22D1A292005101BC /* Sources */ = {
			isa = PBXGroup;
			children = (
				F9621A1222D1A292005101BC /* README.md */,
				F9621A0F22D1A292005101BC /* SwiftyJSON */,
				F9621A1322D1A292005101BC /* Differentiator */,
				F9621A1622D1A292005101BC /* Rx */,
			);
			path = Sources;
			sourceTree = "<group>";
		};
		F9621A0F22D1A292005101BC /* SwiftyJSON */ = {
			isa = PBXGroup;
			children = (
				F9621A1022D1A292005101BC /* JSONMayInitializable.swift */,
				F9621A1122D1A292005101BC /* JSONInitializable.swift */,
			);
			path = SwiftyJSON;
			sourceTree = "<group>";
		};
		F9621A1322D1A292005101BC /* Differentiator */ = {
			isa = PBXGroup;
			children = (
				F9621A1422D1A292005101BC /* AnimatableSectionedViewModel.swift */,
				F9621A1522D1A292005101BC /* SectionedViewModel.swift */,
			);
			path = Differentiator;
			sourceTree = "<group>";
		};
		F9621A1622D1A292005101BC /* Rx */ = {
			isa = PBXGroup;
			children = (
				F9621A1722D1A292005101BC /* UIView+Reactive.swift */,
				F9621A1822D1A292005101BC /* Lifetime.swift */,
				F9621A1922D1A292005101BC /* ActivityIndicator.swift */,
				F9621A1A22D1A292005101BC /* Operator+Reactive.swift */,
				F9621A1B22D1A292005101BC /* Binder+Reactive.swift */,
				F9621A1C22D1A292005101BC /* Schedluer+Reactive.swift */,
				F9621A1D22D1A292005101BC /* UnidirectionalBinding+Reactive.swift */,
				F9621A1E22D1A292005101BC /* Binding+Reactive.swift */,
				F9621A1F22D1A292005101BC /* UICollectionView+Reactive.swift */,
			);
			path = Rx;
			sourceTree = "<group>";
		};
/* End PBXGroup section */

/* Begin PBXNativeTarget section */
		F96219F822D1A235005101BC /* Traits */ = {
			isa = PBXNativeTarget;
			buildConfigurationList = F9621A0B22D1A237005101BC /* Build configuration list for PBXNativeTarget "Traits" */;
			buildPhases = (
				AE5A54900B37E4F7D000BB48 /* [CP] Check Pods Manifest.lock */,
				F96219F522D1A235005101BC /* Sources */,
				F96219F622D1A235005101BC /* Frameworks */,
				F96219F722D1A235005101BC /* Resources */,
				2A9459C006E2D7DD3BBC76BF /* [CP] Embed Pods Frameworks */,
				F9621A2E22D1A3A1005101BC /* Run lint */,
			);
			buildRules = (
			);
			dependencies = (
			);
			name = Traits;
			productName = Traits;
			productReference = F96219F922D1A235005101BC /* Traits.app */;
			productType = "com.apple.product-type.application";
		};
/* End PBXNativeTarget section */

/* Begin PBXProject section */
		F96219F122D1A235005101BC /* Project object */ = {
			isa = PBXProject;
			attributes = {
				LastSwiftUpdateCheck = 1020;
				LastUpgradeCheck = 1020;
				ORGANIZATIONNAME = RedRain;
				TargetAttributes = {
					F96219F822D1A235005101BC = {
						CreatedOnToolsVersion = 10.2.1;
					};
				};
			};
			buildConfigurationList = F96219F422D1A235005101BC /* Build configuration list for PBXProject "Traits" */;
			compatibilityVersion = "Xcode 9.3";
			developmentRegion = en;
			hasScannedForEncodings = 0;
			knownRegions = (
				en,
				Base,
			);
			mainGroup = F96219F022D1A235005101BC;
			productRefGroup = F96219FA22D1A235005101BC /* Products */;
			projectDirPath = "";
			projectRoot = "";
			targets = (
				F96219F822D1A235005101BC /* Traits */,
			);
		};
/* End PBXProject section */

/* Begin PBXResourcesBuildPhase section */
		F96219F722D1A235005101BC /* Resources */ = {
			isa = PBXResourcesBuildPhase;
			buildActionMask = 2147483647;
			files = (
				F9621A0722D1A237005101BC /* LaunchScreen.storyboard in Resources */,
				F9621A0422D1A237005101BC /* Assets.xcassets in Resources */,
				F9621A2222D1A292005101BC /* README.md in Resources */,
				F9621A0222D1A235005101BC /* Main.storyboard in Resources */,
			);
			runOnlyForDeploymentPostprocessing = 0;
		};
/* End PBXResourcesBuildPhase section */

/* Begin PBXShellScriptBuildPhase section */
		2A9459C006E2D7DD3BBC76BF /* [CP] Embed Pods Frameworks */ = {
			isa = PBXShellScriptBuildPhase;
			buildActionMask = 2147483647;
			files = (
			);
			inputFileListPaths = (
				"${PODS_ROOT}/Target Support Files/Pods-Traits/Pods-Traits-frameworks-${CONFIGURATION}-input-files.xcfilelist",
			);
			name = "[CP] Embed Pods Frameworks";
			outputFileListPaths = (
				"${PODS_ROOT}/Target Support Files/Pods-Traits/Pods-Traits-frameworks-${CONFIGURATION}-output-files.xcfilelist",
			);
			runOnlyForDeploymentPostprocessing = 0;
			shellPath = /bin/sh;
			shellScript = "\"${PODS_ROOT}/Target Support Files/Pods-Traits/Pods-Traits-frameworks.sh\"\n";
			showEnvVarsInLog = 0;
		};
		AE5A54900B37E4F7D000BB48 /* [CP] Check Pods Manifest.lock */ = {
			isa = PBXShellScriptBuildPhase;
			buildActionMask = 2147483647;
			files = (
			);
			inputFileListPaths = (
			);
			inputPaths = (
				"${PODS_PODFILE_DIR_PATH}/Podfile.lock",
				"${PODS_ROOT}/Manifest.lock",
			);
			name = "[CP] Check Pods Manifest.lock";
			outputFileListPaths = (
			);
			outputPaths = (
				"$(DERIVED_FILE_DIR)/Pods-Traits-checkManifestLockResult.txt",
			);
			runOnlyForDeploymentPostprocessing = 0;
			shellPath = /bin/sh;
			shellScript = "diff \"${PODS_PODFILE_DIR_PATH}/Podfile.lock\" \"${PODS_ROOT}/Manifest.lock\" > /dev/null\nif [ $? != 0 ] ; then\n    # print error to STDERR\n    echo \"error: The sandbox is not in sync with the Podfile.lock. Run 'pod install' or update your CocoaPods installation.\" >&2\n    exit 1\nfi\n# This output is used by Xcode 'outputs' to avoid re-running this script phase.\necho \"SUCCESS\" > \"${SCRIPT_OUTPUT_FILE_0}\"\n";
			showEnvVarsInLog = 0;
		};
		F9621A2E22D1A3A1005101BC /* Run lint */ = {
			isa = PBXShellScriptBuildPhase;
			buildActionMask = 12;
			files = (
			);
			inputFileListPaths = (
			);
			inputPaths = (
			);
			name = "Run lint";
			outputFileListPaths = (
			);
			outputPaths = (
			);
			runOnlyForDeploymentPostprocessing = 0;
			shellPath = /bin/sh;
			shellScript = "if which swiftlint >/dev/null; then\nswiftlint autocorrect Sources/*\nelse\necho \"warning: SwiftLint not installed, download from https://github.com/realm/SwiftLint\"\nfi\n";
		};
/* End PBXShellScriptBuildPhase section */

/* Begin PBXSourcesBuildPhase section */
		F96219F522D1A235005101BC /* Sources */ = {
			isa = PBXSourcesBuildPhase;
			buildActionMask = 2147483647;
			files = (
				F9621A2622D1A292005101BC /* Lifetime.swift in Sources */,
				F9621A2322D1A292005101BC /* AnimatableSectionedViewModel.swift in Sources */,
				F9621A2822D1A292005101BC /* Operator+Reactive.swift in Sources */,
				F9621A2922D1A292005101BC /* Binder+Reactive.swift in Sources */,
				F9621A2D22D1A292005101BC /* UICollectionView+Reactive.swift in Sources */,
				F9621A2A22D1A292005101BC /* Schedluer+Reactive.swift in Sources */,
				F9621A2422D1A292005101BC /* SectionedViewModel.swift in Sources */,
				F9621A2C22D1A292005101BC /* Binding+Reactive.swift in Sources */,
				F96219FF22D1A235005101BC /* ViewController.swift in Sources */,
				F9621A2122D1A292005101BC /* JSONInitializable.swift in Sources */,
				F96219FD22D1A235005101BC /* AppDelegate.swift in Sources */,
				F9621A2B22D1A292005101BC /* UnidirectionalBinding+Reactive.swift in Sources */,
				F9621A2022D1A292005101BC /* JSONMayInitializable.swift in Sources */,
				F9621A2722D1A292005101BC /* ActivityIndicator.swift in Sources */,
				F9621A2522D1A292005101BC /* UIView+Reactive.swift in Sources */,
			);
			runOnlyForDeploymentPostprocessing = 0;
		};
/* End PBXSourcesBuildPhase section */

/* Begin PBXVariantGroup section */
		F9621A0022D1A235005101BC /* Main.storyboard */ = {
			isa = PBXVariantGroup;
			children = (
				F9621A0122D1A235005101BC /* Base */,
			);
			name = Main.storyboard;
			sourceTree = "<group>";
		};
		F9621A0522D1A237005101BC /* LaunchScreen.storyboard */ = {
			isa = PBXVariantGroup;
			children = (
				F9621A0622D1A237005101BC /* Base */,
			);
			name = LaunchScreen.storyboard;
			sourceTree = "<group>";
		};
/* End PBXVariantGroup section */

/* Begin XCBuildConfiguration section */
		F9621A0922D1A237005101BC /* Debug */ = {
			isa = XCBuildConfiguration;
			buildSettings = {
				ALWAYS_SEARCH_USER_PATHS = NO;
				CLANG_ANALYZER_NONNULL = YES;
				CLANG_ANALYZER_NUMBER_OBJECT_CONVERSION = YES_AGGRESSIVE;
				CLANG_CXX_LANGUAGE_STANDARD = "gnu++14";
				CLANG_CXX_LIBRARY = "libc++";
				CLANG_ENABLE_MODULES = YES;
				CLANG_ENABLE_OBJC_ARC = YES;
				CLANG_ENABLE_OBJC_WEAK = YES;
				CLANG_WARN_BLOCK_CAPTURE_AUTORELEASING = YES;
				CLANG_WARN_BOOL_CONVERSION = YES;
				CLANG_WARN_COMMA = YES;
				CLANG_WARN_CONSTANT_CONVERSION = YES;
				CLANG_WARN_DEPRECATED_OBJC_IMPLEMENTATIONS = YES;
				CLANG_WARN_DIRECT_OBJC_ISA_USAGE = YES_ERROR;
				CLANG_WARN_DOCUMENTATION_COMMENTS = YES;
				CLANG_WARN_EMPTY_BODY = YES;
				CLANG_WARN_ENUM_CONVERSION = YES;
				CLANG_WARN_INFINITE_RECURSION = YES;
				CLANG_WARN_INT_CONVERSION = YES;
				CLANG_WARN_NON_LITERAL_NULL_CONVERSION = YES;
				CLANG_WARN_OBJC_IMPLICIT_RETAIN_SELF = YES;
				CLANG_WARN_OBJC_LITERAL_CONVERSION = YES;
				CLANG_WARN_OBJC_ROOT_CLASS = YES_ERROR;
				CLANG_WARN_RANGE_LOOP_ANALYSIS = YES;
				CLANG_WARN_STRICT_PROTOTYPES = YES;
				CLANG_WARN_SUSPICIOUS_MOVE = YES;
				CLANG_WARN_UNGUARDED_AVAILABILITY = YES_AGGRESSIVE;
				CLANG_WARN_UNREACHABLE_CODE = YES;
				CLANG_WARN__DUPLICATE_METHOD_MATCH = YES;
				CODE_SIGN_IDENTITY = "iPhone Developer";
				COPY_PHASE_STRIP = NO;
				DEBUG_INFORMATION_FORMAT = dwarf;
				ENABLE_STRICT_OBJC_MSGSEND = YES;
				ENABLE_TESTABILITY = YES;
				GCC_C_LANGUAGE_STANDARD = gnu11;
				GCC_DYNAMIC_NO_PIC = NO;
				GCC_NO_COMMON_BLOCKS = YES;
				GCC_OPTIMIZATION_LEVEL = 0;
				GCC_PREPROCESSOR_DEFINITIONS = (
					"DEBUG=1",
					"$(inherited)",
				);
				GCC_WARN_64_TO_32_BIT_CONVERSION = YES;
				GCC_WARN_ABOUT_RETURN_TYPE = YES_ERROR;
				GCC_WARN_UNDECLARED_SELECTOR = YES;
				GCC_WARN_UNINITIALIZED_AUTOS = YES_AGGRESSIVE;
				GCC_WARN_UNUSED_FUNCTION = YES;
				GCC_WARN_UNUSED_VARIABLE = YES;
				IPHONEOS_DEPLOYMENT_TARGET = 12.2;
				MTL_ENABLE_DEBUG_INFO = INCLUDE_SOURCE;
				MTL_FAST_MATH = YES;
				ONLY_ACTIVE_ARCH = YES;
				SDKROOT = iphoneos;
				SWIFT_ACTIVE_COMPILATION_CONDITIONS = DEBUG;
				SWIFT_OPTIMIZATION_LEVEL = "-Onone";
			};
			name = Debug;
		};
		F9621A0A22D1A237005101BC /* Release */ = {
			isa = XCBuildConfiguration;
			buildSettings = {
				ALWAYS_SEARCH_USER_PATHS = NO;
				CLANG_ANALYZER_NONNULL = YES;
				CLANG_ANALYZER_NUMBER_OBJECT_CONVERSION = YES_AGGRESSIVE;
				CLANG_CXX_LANGUAGE_STANDARD = "gnu++14";
				CLANG_CXX_LIBRARY = "libc++";
				CLANG_ENABLE_MODULES = YES;
				CLANG_ENABLE_OBJC_ARC = YES;
				CLANG_ENABLE_OBJC_WEAK = YES;
				CLANG_WARN_BLOCK_CAPTURE_AUTORELEASING = YES;
				CLANG_WARN_BOOL_CONVERSION = YES;
				CLANG_WARN_COMMA = YES;
				CLANG_WARN_CONSTANT_CONVERSION = YES;
				CLANG_WARN_DEPRECATED_OBJC_IMPLEMENTATIONS = YES;
				CLANG_WARN_DIRECT_OBJC_ISA_USAGE = YES_ERROR;
				CLANG_WARN_DOCUMENTATION_COMMENTS = YES;
				CLANG_WARN_EMPTY_BODY = YES;
				CLANG_WARN_ENUM_CONVERSION = YES;
				CLANG_WARN_INFINITE_RECURSION = YES;
				CLANG_WARN_INT_CONVERSION = YES;
				CLANG_WARN_NON_LITERAL_NULL_CONVERSION = YES;
				CLANG_WARN_OBJC_IMPLICIT_RETAIN_SELF = YES;
				CLANG_WARN_OBJC_LITERAL_CONVERSION = YES;
				CLANG_WARN_OBJC_ROOT_CLASS = YES_ERROR;
				CLANG_WARN_RANGE_LOOP_ANALYSIS = YES;
				CLANG_WARN_STRICT_PROTOTYPES = YES;
				CLANG_WARN_SUSPICIOUS_MOVE = YES;
				CLANG_WARN_UNGUARDED_AVAILABILITY = YES_AGGRESSIVE;
				CLANG_WARN_UNREACHABLE_CODE = YES;
				CLANG_WARN__DUPLICATE_METHOD_MATCH = YES;
				CODE_SIGN_IDENTITY = "iPhone Developer";
				COPY_PHASE_STRIP = NO;
				DEBUG_INFORMATION_FORMAT = "dwarf-with-dsym";
				ENABLE_NS_ASSERTIONS = NO;
				ENABLE_STRICT_OBJC_MSGSEND = YES;
				GCC_C_LANGUAGE_STANDARD = gnu11;
				GCC_NO_COMMON_BLOCKS = YES;
				GCC_WARN_64_TO_32_BIT_CONVERSION = YES;
				GCC_WARN_ABOUT_RETURN_TYPE = YES_ERROR;
				GCC_WARN_UNDECLARED_SELECTOR = YES;
				GCC_WARN_UNINITIALIZED_AUTOS = YES_AGGRESSIVE;
				GCC_WARN_UNUSED_FUNCTION = YES;
				GCC_WARN_UNUSED_VARIABLE = YES;
				IPHONEOS_DEPLOYMENT_TARGET = 12.2;
				MTL_ENABLE_DEBUG_INFO = NO;
				MTL_FAST_MATH = YES;
				SDKROOT = iphoneos;
				SWIFT_COMPILATION_MODE = wholemodule;
				SWIFT_OPTIMIZATION_LEVEL = "-O";
				VALIDATE_PRODUCT = YES;
			};
			name = Release;
		};
		F9621A0C22D1A237005101BC /* Debug */ = {
			isa = XCBuildConfiguration;
			baseConfigurationReference = 8EB6D8A33A83F0104CCB3A3C /* Pods-Traits.debug.xcconfig */;
			buildSettings = {
				ASSETCATALOG_COMPILER_APPICON_NAME = AppIcon;
				CODE_SIGN_STYLE = Automatic;
				INFOPLIST_FILE = Traits/Info.plist;
				LD_RUNPATH_SEARCH_PATHS = (
					"$(inherited)",
					"@executable_path/Frameworks",
				);
				OTHER_SWIFT_FLAGS = "$(inherited) -D COCOAPODS -D DEBUG -D TRACE_RESOURCES";
				PRODUCT_BUNDLE_IDENTIFIER = bar.foo.Traits;
				PRODUCT_NAME = "$(TARGET_NAME)";
				SWIFT_VERSION = 5.0;
				TARGETED_DEVICE_FAMILY = "1,2";
			};
			name = Debug;
		};
		F9621A0D22D1A237005101BC /* Release */ = {
			isa = XCBuildConfiguration;
			baseConfigurationReference = 7DABFA390ED78B61CA0CBF83 /* Pods-Traits.release.xcconfig */;
			buildSettings = {
				ASSETCATALOG_COMPILER_APPICON_NAME = AppIcon;
				CODE_SIGN_STYLE = Automatic;
				INFOPLIST_FILE = Traits/Info.plist;
				LD_RUNPATH_SEARCH_PATHS = (
					"$(inherited)",
					"@executable_path/Frameworks",
				);
				PRODUCT_BUNDLE_IDENTIFIER = bar.foo.Traits;
				PRODUCT_NAME = "$(TARGET_NAME)";
				SWIFT_VERSION = 5.0;
				TARGETED_DEVICE_FAMILY = "1,2";
			};
			name = Release;
		};
/* End XCBuildConfiguration section */

/* Begin XCConfigurationList section */
		F96219F422D1A235005101BC /* Build configuration list for PBXProject "Traits" */ = {
			isa = XCConfigurationList;
			buildConfigurations = (
				F9621A0922D1A237005101BC /* Debug */,
				F9621A0A22D1A237005101BC /* Release */,
			);
			defaultConfigurationIsVisible = 0;
			defaultConfigurationName = Release;
		};
		F9621A0B22D1A237005101BC /* Build configuration list for PBXNativeTarget "Traits" */ = {
			isa = XCConfigurationList;
			buildConfigurations = (
				F9621A0C22D1A237005101BC /* Debug */,
				F9621A0D22D1A237005101BC /* Release */,
			);
			defaultConfigurationIsVisible = 0;
			defaultConfigurationName = Release;
		};
/* End XCConfigurationList section */
	};
	rootObject = F96219F122D1A235005101BC /* Project object */;
}
